# This file was autogenerated by Stack.
# You should not edit this file by hand.
# For more information, please see the documentation at:
#   https://docs.haskellstack.org/en/stable/lock_files

packages:
- completed:
    hackage: ghc-lib-parser-ex-9.6.0.2@sha256:73fbe5a9817767f2a417c5adfc734f02d0e842ca86fe68bb75a10b5ebbce1741,3493
    pantry-tree:
      sha256: a9e63e5f1f6dde1b82731aec75672ed2f4a2006d82236a90ba35e3dbbdf2feab
      size: 1956
  original:
    hackage: ghc-lib-parser-ex-9.6.0.2@sha256:73fbe5a9817767f2a417c5adfc734f02d0e842ca86fe68bb75a10b5ebbce1741,3493
- completed:
    hackage: ghc-lib-parser-9.4.8.20231111@sha256:fbbc68e9a30d97321a0cb576d7366b732b98136f4a5e5a9384ed13ff1b00a7db,14591
    pantry-tree:
      sha256: 69b347c6e79bcfd429219879a989ac63766b82e9ec9fcb52f70f5af14bbf08e0
      size: 31119
  original:
    hackage: ghc-lib-parser-9.4.8.20231111@sha256:fbbc68e9a30d97321a0cb576d7366b732b98136f4a5e5a9384ed13ff1b00a7db,14591
snapshots:
- completed:
    sha256: afd5ba64ab602cabc2d3942d3d7e7dd6311bc626dcb415b901eaf576cb62f0ea
    size: 640060
    url: https://raw.githubusercontent.com/commercialhaskell/stackage-snapshots/master/lts/21/22.yaml
  original:
    url: https://raw.githubusercontent.com/commercialhaskell/stackage-snapshots/master/lts/21/22.yaml
